
Microsoft Visual Studio Solution File, Format Version 12.00
# Visual Studio Version 17
VisualStudioVersion = 17.5.001.0
MinimumVisualStudioVersion = 10.0.40219.1
Project("{9A19103F-16F7-4668-BE54-9A1E7A4F7556}") = "MODBUS_APP", "MODBUS_APP.csproj", "{73E1DA51-F005-4C33-BA0B-561497F7403C}"
EndProject
Global
	GlobalSection(SolutionConfigurationPlatforms) = preSolution
		Debug|Any CPU = Debug|Any CPU
		Release|Any CPU = Release|Any CPU
	EndGlobalSection
	GlobalSection(ProjectConfigurationPlatforms) = postSolution
		{73E1DA51-F005-4C33-BA0B-561497F7403C}.Debug|Any CPU.ActiveCfg = Debug|Any CPU
		{73E1DA51-F005-4C33-BA0B-561497F7403C}.Debug|Any CPU.Build.0 = Debug|Any CPU
		{73E1DA51-F005-4C33-BA0B-561497F7403C}.Release|Any CPU.ActiveCfg = Release|Any CPU
		{73E1DA51-F005-4C33-BA0B-561497F7403C}.Release|Any CPU.Build.0 = Release|Any CPU
	EndGlobalSection
	GlobalSection(SolutionProperties) = preSolution
		HideSolutionNode = FALSE
	EndGlobalSection
	GlobalSection(ExtensibilityGlobals) = postSolution
		SolutionGuid = {0D4093D9-6787-4C41-ABE4-05B0040E6B11}
	EndGlobalSection
EndGlobal
